
Microsoft Visual Studio Solution File, Format Version 12.00
# Visual Studio Version 17
VisualStudioVersion = 17.0.31903.59
MinimumVisualStudioVersion = 10.0.40219.1
Project("{FAE04EC0-301F-11D3-BF4B-00C04F79EFBC}") = "BookMarkReactWithLogin.Web", "BookMarkReactWithLogin.Web\BookMarkReactWithLogin.Web.csproj", "{4DA97AFE-520F-47D9-A93D-833C614092F1}"
EndProject
Project("{FAE04EC0-301F-11D3-BF4B-00C04F79EFBC}") = "BookMarkReactWithLogin.Data", "BookMarkReactWithLogin.Data\BookMarkReactWithLogin.Data.csproj", "{CE71C30D-F9A4-45C2-97F5-2F02E11B18CF}"
EndProject
Global
	GlobalSection(SolutionConfigurationPlatforms) = preSolution
		Debug|Any CPU = Debug|Any CPU
		Release|Any CPU = Release|Any CPU
	EndGlobalSection
	GlobalSection(SolutionProperties) = preSolution
		HideSolutionNode = FALSE
	EndGlobalSection
	GlobalSection(ProjectConfigurationPlatforms) = postSolution
		{4DA97AFE-520F-47D9-A93D-833C614092F1}.Debug|Any CPU.ActiveCfg = Debug|Any CPU
		{4DA97AFE-520F-47D9-A93D-833C614092F1}.Debug|Any CPU.Build.0 = Debug|Any CPU
		{4DA97AFE-520F-47D9-A93D-833C614092F1}.Release|Any CPU.ActiveCfg = Release|Any CPU
		{4DA97AFE-520F-47D9-A93D-833C614092F1}.Release|Any CPU.Build.0 = Release|Any CPU
		{CE71C30D-F9A4-45C2-97F5-2F02E11B18CF}.Debug|Any CPU.ActiveCfg = Debug|Any CPU
		{CE71C30D-F9A4-45C2-97F5-2F02E11B18CF}.Debug|Any CPU.Build.0 = Debug|Any CPU
		{CE71C30D-F9A4-45C2-97F5-2F02E11B18CF}.Release|Any CPU.ActiveCfg = Release|Any CPU
		{CE71C30D-F9A4-45C2-97F5-2F02E11B18CF}.Release|Any CPU.Build.0 = Release|Any CPU
	EndGlobalSection
EndGlobal
